
Microsoft Visual Studio Solution File, Format Version 12.00
# Visual Studio Version 17
VisualStudioVersion = 17.14.36327.8 d17.14
MinimumVisualStudioVersion = 10.0.40219.1
Project("{FAE04EC0-301F-11D3-BF4B-00C04F79EFBC}") = "APICatalogo", "APICatalogo\APICatalogo.csproj", "{FB02F33F-5307-4848-9B67-EA0486E27DD7}"
EndProject
Global
	GlobalSection(SolutionConfigurationPlatforms) = preSolution
		Debug|Any CPU = Debug|Any CPU
		Release|Any CPU = Release|Any CPU
	EndGlobalSection
	GlobalSection(ProjectConfigurationPlatforms) = postSolution
		{FB02F33F-5307-4848-9B67-EA0486E27DD7}.Debug|Any CPU.ActiveCfg = Debug|Any CPU
		{FB02F33F-5307-4848-9B67-EA0486E27DD7}.Debug|Any CPU.Build.0 = Debug|Any CPU
		{FB02F33F-5307-4848-9B67-EA0486E27DD7}.Release|Any CPU.ActiveCfg = Release|Any CPU
		{FB02F33F-5307-4848-9B67-EA0486E27DD7}.Release|Any CPU.Build.0 = Release|Any CPU
	EndGlobalSection
	GlobalSection(SolutionProperties) = preSolution
		HideSolutionNode = FALSE
	EndGlobalSection
	GlobalSection(ExtensibilityGlobals) = postSolution
		SolutionGuid = {C7464DD4-0D8A-46BF-80C6-0A3581F1458D}
	EndGlobalSection
EndGlobal
